
Microsoft Visual Studio Solution File, Format Version 12.00
# Visual Studio Version 16
VisualStudioVersion = 16.0.30503.244
MinimumVisualStudioVersion = 10.0.40219.1
Project("{8BC9CEB8-8B4A-11D0-8D11-00A0C91BC942}") = "pr 05", "pr 05\pr 05.vcxproj", "{450C596B-F791-458B-B731-F3642CC267C3}"
EndProject
Project("{8BC9CEB8-8B4A-11D0-8D11-00A0C91BC942}") = "01", "01\01.vcxproj", "{461AA579-9382-439A-B94F-376975EED32C}"
EndProject
Project("{8BC9CEB8-8B4A-11D0-8D11-00A0C91BC942}") = "02", "02\02.vcxproj", "{665B6357-920B-46E1-B971-3DAEE660745E}"
EndProject
Project("{8BC9CEB8-8B4A-11D0-8D11-00A0C91BC942}") = "03", "03\03.vcxproj", "{4E149A8A-86DB-4F39-AB4C-D3ACD2CB701D}"
EndProject
Project("{8BC9CEB8-8B4A-11D0-8D11-00A0C91BC942}") = "04", "04\04.vcxproj", "{E02AC2B6-2659-41C2-AE5E-8E2D6EA975D8}"
EndProject
Project("{8BC9CEB8-8B4A-11D0-8D11-00A0C91BC942}") = "05", "05\05.vcxproj", "{7D228AC2-AAE9-455D-8567-0F09D2BD8F54}"
EndProject
Project("{8BC9CEB8-8B4A-11D0-8D11-00A0C91BC942}") = "06", "06\06.vcxproj", "{4DB6640A-A638-4688-BAE7-351B872471B3}"
EndProject
Global
	GlobalSection(SolutionConfigurationPlatforms) = preSolution
		Debug|x64 = Debug|x64
		Debug|x86 = Debug|x86
		Release|x64 = Release|x64
		Release|x86 = Release|x86
	EndGlobalSection
	GlobalSection(ProjectConfigurationPlatforms) = postSolution
		{450C596B-F791-458B-B731-F3642CC267C3}.Debug|x64.ActiveCfg = Debug|x64
		{450C596B-F791-458B-B731-F3642CC267C3}.Debug|x64.Build.0 = Debug|x64
		{450C596B-F791-458B-B731-F3642CC267C3}.Debug|x86.ActiveCfg = Debug|Win32
		{450C596B-F791-458B-B731-F3642CC267C3}.Debug|x86.Build.0 = Debug|Win32
		{450C596B-F791-458B-B731-F3642CC267C3}.Release|x64.ActiveCfg = Release|x64
		{450C596B-F791-458B-B731-F3642CC267C3}.Release|x64.Build.0 = Release|x64
		{450C596B-F791-458B-B731-F3642CC267C3}.Release|x86.ActiveCfg = Release|Win32
		{450C596B-F791-458B-B731-F3642CC267C3}.Release|x86.Build.0 = Release|Win32
		{461AA579-9382-439A-B94F-376975EED32C}.Debug|x64.ActiveCfg = Debug|x64
		{461AA579-9382-439A-B94F-376975EED32C}.Debug|x64.Build.0 = Debug|x64
		{461AA579-9382-439A-B94F-376975EED32C}.Debug|x86.ActiveCfg = Debug|Win32
		{461AA579-9382-439A-B94F-376975EED32C}.Debug|x86.Build.0 = Debug|Win32
		{461AA579-9382-439A-B94F-376975EED32C}.Release|x64.ActiveCfg = Release|x64
		{461AA579-9382-439A-B94F-376975EED32C}.Release|x64.Build.0 = Release|x64
		{461AA579-9382-439A-B94F-376975EED32C}.Release|x86.ActiveCfg = Release|Win32
		{461AA579-9382-439A-B94F-376975EED32C}.Release|x86.Build.0 = Release|Win32
		{665B6357-920B-46E1-B971-3DAEE660745E}.Debug|x64.ActiveCfg = Debug|x64
		{665B6357-920B-46E1-B971-3DAEE660745E}.Debug|x64.Build.0 = Debug|x64
		{665B6357-920B-46E1-B971-3DAEE660745E}.Debug|x86.ActiveCfg = Debug|Win32
		{665B6357-920B-46E1-B971-3DAEE660745E}.Debug|x86.Build.0 = Debug|Win32
		{665B6357-920B-46E1-B971-3DAEE660745E}.Release|x64.ActiveCfg = Release|x64
		{665B6357-920B-46E1-B971-3DAEE660745E}.Release|x64.Build.0 = Release|x64
		{665B6357-920B-46E1-B971-3DAEE660745E}.Release|x86.ActiveCfg = Release|Win32
		{665B6357-920B-46E1-B971-3DAEE660745E}.Release|x86.Build.0 = Release|Win32
		{4E149A8A-86DB-4F39-AB4C-D3ACD2CB701D}.Debug|x64.ActiveCfg = Debug|x64
		{4E149A8A-86DB-4F39-AB4C-D3ACD2CB701D}.Debug|x64.Build.0 = Debug|x64
		{4E149A8A-86DB-4F39-AB4C-D3ACD2CB701D}.Debug|x86.ActiveCfg = Debug|Win32
		{4E149A8A-86DB-4F39-AB4C-D3ACD2CB701D}.Debug|x86.Build.0 = Debug|Win32
		{4E149A8A-86DB-4F39-AB4C-D3ACD2CB701D}.Release|x64.ActiveCfg = Release|x64
		{4E149A8A-86DB-4F39-AB4C-D3ACD2CB701D}.Release|x64.Build.0 = Release|x64
		{4E149A8A-86DB-4F39-AB4C-D3ACD2CB701D}.Release|x86.ActiveCfg = Release|Win32
		{4E149A8A-86DB-4F39-AB4C-D3ACD2CB701D}.Release|x86.Build.0 = Release|Win32
		{E02AC2B6-2659-41C2-AE5E-8E2D6EA975D8}.Debug|x64.ActiveCfg = Debug|x64
		{E02AC2B6-2659-41C2-AE5E-8E2D6EA975D8}.Debug|x64.Build.0 = Debug|x64
		{E02AC2B6-2659-41C2-AE5E-8E2D6EA975D8}.Debug|x86.ActiveCfg = Debug|Win32
		{E02AC2B6-2659-41C2-AE5E-8E2D6EA975D8}.Debug|x86.Build.0 = Debug|Win32
		{E02AC2B6-2659-41C2-AE5E-8E2D6EA975D8}.Release|x64.ActiveCfg = Release|x64
		{E02AC2B6-2659-41C2-AE5E-8E2D6EA975D8}.Release|x64.Build.0 = Release|x64
		{E02AC2B6-2659-41C2-AE5E-8E2D6EA975D8}.Release|x86.ActiveCfg = Release|Win32
		{E02AC2B6-2659-41C2-AE5E-8E2D6EA975D8}.Release|x86.Build.0 = Release|Win32
		{7D228AC2-AAE9-455D-8567-0F09D2BD8F54}.Debug|x64.ActiveCfg = Debug|x64
		{7D228AC2-AAE9-455D-8567-0F09D2BD8F54}.Debug|x64.Build.0 = Debug|x64
		{7D228AC2-AAE9-455D-8567-0F09D2BD8F54}.Debug|x86.ActiveCfg = Debug|Win32
		{7D228AC2-AAE9-455D-8567-0F09D2BD8F54}.Debug|x86.Build.0 = Debug|Win32
		{7D228AC2-AAE9-455D-8567-0F09D2BD8F54}.Release|x64.ActiveCfg = Release|x64
		{7D228AC2-AAE9-455D-8567-0F09D2BD8F54}.Release|x64.Build.0 = Release|x64
		{7D228AC2-AAE9-455D-8567-0F09D2BD8F54}.Release|x86.ActiveCfg = Release|Win32
		{7D228AC2-AAE9-455D-8567-0F09D2BD8F54}.Release|x86.Build.0 = Release|Win32
		{4DB6640A-A638-4688-BAE7-351B872471B3}.Debug|x64.ActiveCfg = Debug|x64
		{4DB6640A-A638-4688-BAE7-351B872471B3}.Debug|x64.Build.0 = Debug|x64
		{4DB6640A-A638-4688-BAE7-351B872471B3}.Debug|x86.ActiveCfg = Debug|Win32
		{4DB6640A-A638-4688-BAE7-351B872471B3}.Debug|x86.Build.0 = Debug|Win32
		{4DB6640A-A638-4688-BAE7-351B872471B3}.Release|x64.ActiveCfg = Release|x64
		{4DB6640A-A638-4688-BAE7-351B872471B3}.Release|x64.Build.0 = Release|x64
		{4DB6640A-A638-4688-BAE7-351B872471B3}.Release|x86.ActiveCfg = Release|Win32
		{4DB6640A-A638-4688-BAE7-351B872471B3}.Release|x86.Build.0 = Release|Win32
	EndGlobalSection
	GlobalSection(SolutionProperties) = preSolution
		HideSolutionNode = FALSE
	EndGlobalSection
	GlobalSection(ExtensibilityGlobals) = postSolution
		SolutionGuid = {288667EE-1AB3-4759-A77C-94B1A93FFDC7}
	EndGlobalSection
EndGlobal
